// !$*UTF8*$!
{
	archiveVersion = 1;
	classes = {
	};
	objectVersion = 46;
	objects = {

/* Begin PBXBuildFile section */
		67145B441C9593F9009B70A2 /* Images.xcassets in Resources */ = {isa = PBXBuildFile; fileRef = 67145B431C9593F9009B70A2 /* Images.xcassets */; };
		67145B471C95B099009B70A2 /* petInfoViewController.m in Sources */ = {isa = PBXBuildFile; fileRef = 67145B461C95B099009B70A2 /* petInfoViewController.m */; };
		67148E55215AB89600193022 /* mqttUser.m in Sources */ = {isa = PBXBuildFile; fileRef = 67148E54215AB89600193022 /* mqttUser.m */; };
		671A104B1D82633200F3F97F /* MainStoryboard_iPad.storyboard in Resources */ = {isa = PBXBuildFile; fileRef = 671A10491D82633200F3F97F /* MainStoryboard_iPad.storyboard */; };
		67201BD220C42EF300A5123E /* resetVC.m in Sources */ = {isa = PBXBuildFile; fileRef = 67201BD120C42EF300A5123E /* resetVC.m */; };
		672F85EE1D39A5AE007AF7CD /* NSIndexPath+XYDoughnutChart.m in Sources */ = {isa = PBXBuildFile; fileRef = 672F85EB1D39A5AE007AF7CD /* NSIndexPath+XYDoughnutChart.m */; };
		672F85EF1D39A5AE007AF7CD /* XYDoughnutChart.m in Sources */ = {isa = PBXBuildFile; fileRef = 672F85ED1D39A5AE007AF7CD /* XYDoughnutChart.m */; };
		672F85F21D39A637007AF7CD /* DoughnutChartContainerView.m in Sources */ = {isa = PBXBuildFile; fileRef = 672F85F11D39A637007AF7CD /* DoughnutChartContainerView.m */; };
		6747B11D1D402A6B00ECB87E /* btSimplePopUP.m in Sources */ = {isa = PBXBuildFile; fileRef = 6747B11C1D402A6B00ECB87E /* btSimplePopUP.m */; };
		674A38482159A1FF00105C85 /* MQTTSwift.swift in Sources */ = {isa = PBXBuildFile; fileRef = 674A38472159A1FF00105C85 /* MQTTSwift.swift */; };
		675E8B902117C11700A00E62 /* mlogCell.m in Sources */ = {isa = PBXBuildFile; fileRef = 675E8B8F2117C11700A00E62 /* mlogCell.m */; };
		676683051CDFFBB000E21B29 /* headerCell.m in Sources */ = {isa = PBXBuildFile; fileRef = 676683041CDFFBB000E21B29 /* headerCell.m */; };
		676C1FD31C8BDA6E004128FC /* URBSegmentedControl.m in Sources */ = {isa = PBXBuildFile; fileRef = 676C1FD11C8BDA6E004128FC /* URBSegmentedControl.m */; };
		676C6FE91CA5C60A009E6E04 /* TextFieldValidator.m in Sources */ = {isa = PBXBuildFile; fileRef = 676C6FE81CA5C60A009E6E04 /* TextFieldValidator.m */; };
		6770D6C71D8CB83500C1D841 /* MBProgressHUD.m in Sources */ = {isa = PBXBuildFile; fileRef = 6770D6C61D8CB83500C1D841 /* MBProgressHUD.m */; };
		6774EC1E1CD45BCD001DC448 /* miColl.m in Sources */ = {isa = PBXBuildFile; fileRef = 6774EC1D1CD45BCD001DC448 /* miColl.m */; };
		677572CD1CBFD53F004197F8 /* httpVC.m in Sources */ = {isa = PBXBuildFile; fileRef = 677572CC1CBFD53F004197F8 /* httpVC.m */; };
		677C01A71CD450C9008533BE /* albumVC.m in Sources */ = {isa = PBXBuildFile; fileRef = 677C01A61CD450C9008533BE /* albumVC.m */; };
		677CA3E31D298BD100EA64CF /* logCell.m in Sources */ = {isa = PBXBuildFile; fileRef = 677CA3E01D298BD100EA64CF /* logCell.m */; };
		67804AFE1D7F02D000678A85 /* webBrowserViewController.m in Sources */ = {isa = PBXBuildFile; fileRef = 67804AFD1D7F02D000678A85 /* webBrowserViewController.m */; };
		678559D81D1AD23700453F16 /* ChangePassword.m in Sources */ = {isa = PBXBuildFile; fileRef = 678559D71D1AD23700453F16 /* ChangePassword.m */; };
		6785BA521D82EA52003297E0 /* tabc.m in Sources */ = {isa = PBXBuildFile; fileRef = 6785BA511D82EA52003297E0 /* tabc.m */; };
		6797063820FBD3B50039EA3F /* AMTumblrHud.m in Sources */ = {isa = PBXBuildFile; fileRef = 6797063720FBD3B40039EA3F /* AMTumblrHud.m */; };
		679809641C89CF83006ED86F /* LaunchScreen.storyboard in Resources */ = {isa = PBXBuildFile; fileRef = 679809631C89CF83006ED86F /* LaunchScreen.storyboard */; };
		6798219B1C9ADD79002C80E7 /* HMSegmentedControl.m in Sources */ = {isa = PBXBuildFile; fileRef = 6798219A1C9ADD79002C80E7 /* HMSegmentedControl.m */; };
		679821A11C9B0AB7002C80E7 /* servingCell.m in Sources */ = {isa = PBXBuildFile; fileRef = 679821A01C9B0AB7002C80E7 /* servingCell.m */; };
		67AD014720D06BBF003EC813 /* Log.m in Sources */ = {isa = PBXBuildFile; fileRef = 67AD014620D06BBF003EC813 /* Log.m */; };
		67B2E78F1C9C25D3001D0068 /* coredata.xcdatamodeld in Sources */ = {isa = PBXBuildFile; fileRef = 67B2E78D1C9C25D3001D0068 /* coredata.xcdatamodeld */; };
		67BBC2651CA07B20004D8105 /* syncCellTableViewCell.m in Sources */ = {isa = PBXBuildFile; fileRef = 67BBC2641CA07B20004D8105 /* syncCellTableViewCell.m */; };
		67BD43A41D84E7B100582091 /* Main.storyboard in Resources */ = {isa = PBXBuildFile; fileRef = 67BD43A31D84E7B100582091 /* Main.storyboard */; };
		67BF8E8E1CDAF406008C6643 /* colorAvg.m in Sources */ = {isa = PBXBuildFile; fileRef = 67BF8E8D1CDAF406008C6643 /* colorAvg.m */; };
		67BF8E9B1CDAF7EF008C6643 /* CCColorCube.m in Sources */ = {isa = PBXBuildFile; fileRef = 67BF8E981CDAF7EF008C6643 /* CCColorCube.m */; };
		67BF8E9C1CDAF7EF008C6643 /* CCLocalMaximum.m in Sources */ = {isa = PBXBuildFile; fileRef = 67BF8E9A1CDAF7EF008C6643 /* CCLocalMaximum.m */; };
		67C12A981D43384100F93984 /* CircularPickerView.m in Sources */ = {isa = PBXBuildFile; fileRef = 67C12A971D43384100F93984 /* CircularPickerView.m */; };
		67C175621C89B49C00AE6CA7 /* ThirViewController.m in Sources */ = {isa = PBXBuildFile; fileRef = 67C175581C89B49C00AE6CA7 /* ThirViewController.m */; };
		67C175641C89B49C00AE6CA7 /* MultiSelectSegmentedControl.m in Sources */ = {isa = PBXBuildFile; fileRef = 67C1755D1C89B49C00AE6CA7 /* MultiSelectSegmentedControl.m */; };
		67C175961C89B5AA00AE6CA7 /* FirstViewController.m in Sources */ = {isa = PBXBuildFile; fileRef = 67C175941C89B5AA00AE6CA7 /* FirstViewController.m */; };
		67C2F6A01D19E34F006BD9C7 /* KeychainWrapper.m in Sources */ = {isa = PBXBuildFile; fileRef = 67C2F69F1D19E34F006BD9C7 /* KeychainWrapper.m */; };
		67C2F6A31D1A03DA006BD9C7 /* Password.m in Sources */ = {isa = PBXBuildFile; fileRef = 67C2F6A21D1A03DA006BD9C7 /* Password.m */; };
		67E1FEA41CA8497200DEAAA2 /* Timings.m in Sources */ = {isa = PBXBuildFile; fileRef = 67E1FEA01CA8497200DEAAA2 /* Timings.m */; };
		67E1FEA51CA8497200DEAAA2 /* wifiCell.m in Sources */ = {isa = PBXBuildFile; fileRef = 67E1FEA31CA8497200DEAAA2 /* wifiCell.m */; };
		67F46E821CD24931003847D7 /* emailCellTableViewCell.m in Sources */ = {isa = PBXBuildFile; fileRef = 67F46E811CD24931003847D7 /* emailCellTableViewCell.m */; };
		72EC05C117E8DF3D00DCB9A3 /* InfoPlist.strings in Resources */ = {isa = PBXBuildFile; fileRef = 72EC05BF17E8DF3D00DCB9A3 /* InfoPlist.strings */; };
		72EC05C317E8DF3D00DCB9A3 /* main.m in Sources */ = {isa = PBXBuildFile; fileRef = 72EC05C217E8DF3D00DCB9A3 /* main.m */; };
		72EC05C717E8DF3D00DCB9A3 /* AppDelegate.m in Sources */ = {isa = PBXBuildFile; fileRef = 72EC05C617E8DF3D00DCB9A3 /* AppDelegate.m */; };
		A51E8184E80E55381B901137 /* Pods_HeatIoTIoS.framework in Frameworks */ = {isa = PBXBuildFile; fileRef = 28760B986472395FC7715343 /* Pods_HeatIoTIoS.framework */; };
/* End PBXBuildFile section */

/* Begin PBXContainerItemProxy section */
		67D6BD761CE237DC00536686 /* PBXContainerItemProxy */ = {
			isa = PBXContainerItemProxy;
			containerPortal = 72EC05AB17E8DF3D00DCB9A3 /* Project object */;
			proxyType = 1;
			remoteGlobalIDString = 72EC05B217E8DF3D00DCB9A3;
			remoteInfo = FeedIoT;
		};
		72EC05DC17E8DF3D00DCB9A3 /* PBXContainerItemProxy */ = {
			isa = PBXContainerItemProxy;
			containerPortal = 72EC05AB17E8DF3D00DCB9A3 /* Project object */;
			proxyType = 1;
			remoteGlobalIDString = 72EC05B217E8DF3D00DCB9A3;
			remoteInfo = TabBarDemo;
		};
/* End PBXContainerItemProxy section */

/* Begin PBXFileReference section */
		28760B986472395FC7715343 /* Pods_HeatIoTIoS.framework */ = {isa = PBXFileReference; explicitFileType = wrapper.framework; includeInIndex = 0; path = Pods_HeatIoTIoS.framework; sourceTree = BUILT_PRODUCTS_DIR; };
		67145B431C9593F9009B70A2 /* Images.xcassets */ = {isa = PBXFileReference; lastKnownFileType = folder.assetcatalog; path = Images.xcassets; sourceTree = "<group>"; };
		67145B451C95B099009B70A2 /* petInfoViewController.h */ = {isa = PBXFileReference; fileEncoding = 4; lastKnownFileType = sourcecode.c.h; path = petInfoViewController.h; sourceTree = "<group>"; };
		67145B461C95B099009B70A2 /* petInfoViewController.m */ = {isa = PBXFileReference; fileEncoding = 4; lastKnownFileType = sourcecode.c.objc; path = petInfoViewController.m; sourceTree = "<group>"; };
		67148E53215AB89600193022 /* mqttUser.h */ = {isa = PBXFileReference; fileEncoding = 4; lastKnownFileType = sourcecode.c.h; path = mqttUser.h; sourceTree = "<group>"; };
		67148E54215AB89600193022 /* mqttUser.m */ = {isa = PBXFileReference; fileEncoding = 4; lastKnownFileType = sourcecode.c.objc; path = mqttUser.m; sourceTree = "<group>"; };
		671A104A1D82633200F3F97F /* Base */ = {isa = PBXFileReference; lastKnownFileType = file.storyboard; name = Base; path = Base.lproj/MainStoryboard_iPad.storyboard; sourceTree = "<group>"; };
		67201BD020C42EF300A5123E /* resetVC.h */ = {isa = PBXFileReference; fileEncoding = 4; lastKnownFileType = sourcecode.c.h; path = resetVC.h; sourceTree = "<group>"; };
		67201BD120C42EF300A5123E /* resetVC.m */ = {isa = PBXFileReference; fileEncoding = 4; lastKnownFileType = sourcecode.c.objc; path = resetVC.m; sourceTree = "<group>"; };
		672F85EA1D39A5AE007AF7CD /* NSIndexPath+XYDoughnutChart.h */ = {isa = PBXFileReference; fileEncoding = 4; lastKnownFileType = sourcecode.c.h; path = "NSIndexPath+XYDoughnutChart.h"; sourceTree = "<group>"; };
		672F85EB1D39A5AE007AF7CD /* NSIndexPath+XYDoughnutChart.m */ = {isa = PBXFileReference; fileEncoding = 4; lastKnownFileType = sourcecode.c.objc; path = "NSIndexPath+XYDoughnutChart.m"; sourceTree = "<group>"; };
		672F85EC1D39A5AE007AF7CD /* XYDoughnutChart.h */ = {isa = PBXFileReference; fileEncoding = 4; lastKnownFileType = sourcecode.c.h; path = XYDoughnutChart.h; sourceTree = "<group>"; };
		672F85ED1D39A5AE007AF7CD /* XYDoughnutChart.m */ = {isa = PBXFileReference; fileEncoding = 4; lastKnownFileType = sourcecode.c.objc; path = XYDoughnutChart.m; sourceTree = "<group>"; };
		672F85F01D39A637007AF7CD /* DoughnutChartContainerView.h */ = {isa = PBXFileReference; fileEncoding = 4; lastKnownFileType = sourcecode.c.h; name = DoughnutChartContainerView.h; path = TabBarDemo/DoughnutChartContainerView.h; sourceTree = "<group>"; };
		672F85F11D39A637007AF7CD /* DoughnutChartContainerView.m */ = {isa = PBXFileReference; fileEncoding = 4; lastKnownFileType = sourcecode.c.objc; name = DoughnutChartContainerView.m; path = TabBarDemo/DoughnutChartContainerView.m; sourceTree = "<group>"; };
		6747B11B1D402A6B00ECB87E /* btSimplePopUP.h */ = {isa = PBXFileReference; fileEncoding = 4; lastKnownFileType = sourcecode.c.h; path = btSimplePopUP.h; sourceTree = "<group>"; };
		6747B11C1D402A6B00ECB87E /* btSimplePopUP.m */ = {isa = PBXFileReference; fileEncoding = 4; lastKnownFileType = sourcecode.c.objc; path = btSimplePopUP.m; sourceTree = "<group>"; };
		674A38472159A1FF00105C85 /* MQTTSwift.swift */ = {isa = PBXFileReference; fileEncoding = 4; lastKnownFileType = sourcecode.swift; path = MQTTSwift.swift; sourceTree = SOURCE_ROOT; };
		675E8B8E2117C11700A00E62 /* mlogCell.h */ = {isa = PBXFileReference; fileEncoding = 4; lastKnownFileType = sourcecode.c.h; path = mlogCell.h; sourceTree = "<group>"; };
		675E8B8F2117C11700A00E62 /* mlogCell.m */ = {isa = PBXFileReference; fileEncoding = 4; lastKnownFileType = sourcecode.c.objc; path = mlogCell.m; sourceTree = "<group>"; };
		676683031CDFFBB000E21B29 /* headerCell.h */ = {isa = PBXFileReference; fileEncoding = 4; lastKnownFileType = sourcecode.c.h; path = headerCell.h; sourceTree = "<group>"; };
		676683041CDFFBB000E21B29 /* headerCell.m */ = {isa = PBXFileReference; fileEncoding = 4; lastKnownFileType = sourcecode.c.objc; path = headerCell.m; sourceTree = "<group>"; };
		676C1FD11C8BDA6E004128FC /* URBSegmentedControl.m */ = {isa = PBXFileReference; fileEncoding = 4; lastKnownFileType = sourcecode.c.objc; path = URBSegmentedControl.m; sourceTree = "<group>"; };
		676C1FD21C8BDA6E004128FC /* URBSegmentedControl.h */ = {isa = PBXFileReference; fileEncoding = 4; lastKnownFileType = sourcecode.c.h; path = URBSegmentedControl.h; sourceTree = "<group>"; };
		676C6FE71CA5C60A009E6E04 /* TextFieldValidator.h */ = {isa = PBXFileReference; fileEncoding = 4; lastKnownFileType = sourcecode.c.h; path = TextFieldValidator.h; sourceTree = "<group>"; };
		676C6FE81CA5C60A009E6E04 /* TextFieldValidator.m */ = {isa = PBXFileReference; fileEncoding = 4; lastKnownFileType = sourcecode.c.objc; path = TextFieldValidator.m; sourceTree = "<group>"; };
		6770D6C51D8CB83500C1D841 /* MBProgressHUD.h */ = {isa = PBXFileReference; fileEncoding = 4; lastKnownFileType = sourcecode.c.h; path = MBProgressHUD.h; sourceTree = "<group>"; };
		6770D6C61D8CB83500C1D841 /* MBProgressHUD.m */ = {isa = PBXFileReference; fileEncoding = 4; lastKnownFileType = sourcecode.c.objc; path = MBProgressHUD.m; sourceTree = "<group>"; };
		6774EC1C1CD45BCD001DC448 /* miColl.h */ = {isa = PBXFileReference; fileEncoding = 4; lastKnownFileType = sourcecode.c.h; path = miColl.h; sourceTree = "<group>"; };
		6774EC1D1CD45BCD001DC448 /* miColl.m */ = {isa = PBXFileReference; fileEncoding = 4; lastKnownFileType = sourcecode.c.objc; path = miColl.m; sourceTree = "<group>"; };
		677572CB1CBFD53F004197F8 /* httpVC.h */ = {isa = PBXFileReference; fileEncoding = 4; lastKnownFileType = sourcecode.c.h; path = httpVC.h; sourceTree = "<group>"; };
		677572CC1CBFD53F004197F8 /* httpVC.m */ = {isa = PBXFileReference; fileEncoding = 4; lastKnownFileType = sourcecode.c.objc; path = httpVC.m; sourceTree = "<group>"; };
		677C01A51CD450C9008533BE /* albumVC.h */ = {isa = PBXFileReference; fileEncoding = 4; lastKnownFileType = sourcecode.c.h; path = albumVC.h; sourceTree = "<group>"; };
		677C01A61CD450C9008533BE /* albumVC.m */ = {isa = PBXFileReference; fileEncoding = 4; lastKnownFileType = sourcecode.c.objc; path = albumVC.m; sourceTree = "<group>"; };
		677CA3DF1D298BD100EA64CF /* logCell.h */ = {isa = PBXFileReference; fileEncoding = 4; lastKnownFileType = sourcecode.c.h; path = logCell.h; sourceTree = "<group>"; };
		677CA3E01D298BD100EA64CF /* logCell.m */ = {isa = PBXFileReference; fileEncoding = 4; lastKnownFileType = sourcecode.c.objc; path = logCell.m; sourceTree = "<group>"; };
		67804AFC1D7F02D000678A85 /* webBrowserViewController.h */ = {isa = PBXFileReference; fileEncoding = 4; lastKnownFileType = sourcecode.c.h; path = webBrowserViewController.h; sourceTree = "<group>"; };
		67804AFD1D7F02D000678A85 /* webBrowserViewController.m */ = {isa = PBXFileReference; fileEncoding = 4; lastKnownFileType = sourcecode.c.objc; path = webBrowserViewController.m; sourceTree = "<group>"; };
		678559D61D1AD23700453F16 /* ChangePassword.h */ = {isa = PBXFileReference; fileEncoding = 4; lastKnownFileType = sourcecode.c.h; name = ChangePassword.h; path = TabBarDemo/ChangePassword.h; sourceTree = "<group>"; };
		678559D71D1AD23700453F16 /* ChangePassword.m */ = {isa = PBXFileReference; fileEncoding = 4; lastKnownFileType = sourcecode.c.objc; name = ChangePassword.m; path = TabBarDemo/ChangePassword.m; sourceTree = "<group>"; };
		6785BA501D82EA52003297E0 /* tabc.h */ = {isa = PBXFileReference; fileEncoding = 4; lastKnownFileType = sourcecode.c.h; name = tabc.h; path = ../tabc.h; sourceTree = "<group>"; };
		6785BA511D82EA52003297E0 /* tabc.m */ = {isa = PBXFileReference; fileEncoding = 4; lastKnownFileType = sourcecode.c.objc; name = tabc.m; path = ../tabc.m; sourceTree = "<group>"; };
		6797063620FBD3B40039EA3F /* AMTumblrHud.h */ = {isa = PBXFileReference; fileEncoding = 4; lastKnownFileType = sourcecode.c.h; path = AMTumblrHud.h; sourceTree = "<group>"; };
		6797063720FBD3B40039EA3F /* AMTumblrHud.m */ = {isa = PBXFileReference; fileEncoding = 4; lastKnownFileType = sourcecode.c.objc; path = AMTumblrHud.m; sourceTree = "<group>"; };
		679809631C89CF83006ED86F /* LaunchScreen.storyboard */ = {isa = PBXFileReference; fileEncoding = 4; lastKnownFileType = file.storyboard; path = LaunchScreen.storyboard; sourceTree = "<group>"; };
		679821991C9ADD79002C80E7 /* HMSegmentedControl.h */ = {isa = PBXFileReference; fileEncoding = 4; lastKnownFileType = sourcecode.c.h; path = HMSegmentedControl.h; sourceTree = "<group>"; };
		6798219A1C9ADD79002C80E7 /* HMSegmentedControl.m */ = {isa = PBXFileReference; fileEncoding = 4; lastKnownFileType = sourcecode.c.objc; path = HMSegmentedControl.m; sourceTree = "<group>"; };
		6798219F1C9B0AB7002C80E7 /* servingCell.h */ = {isa = PBXFileReference; fileEncoding = 4; lastKnownFileType = sourcecode.c.h; path = servingCell.h; sourceTree = "<group>"; };
		679821A01C9B0AB7002C80E7 /* servingCell.m */ = {isa = PBXFileReference; fileEncoding = 4; lastKnownFileType = sourcecode.c.objc; path = servingCell.m; sourceTree = "<group>"; };
		679CA0122159A130005BE640 /* HeatIoTIoS-Bridging-Header.h */ = {isa = PBXFileReference; lastKnownFileType = sourcecode.c.h; path = "HeatIoTIoS-Bridging-Header.h"; sourceTree = "<group>"; };
		67AD014520D06BBF003EC813 /* Log.h */ = {isa = PBXFileReference; fileEncoding = 4; lastKnownFileType = sourcecode.c.h; path = Log.h; sourceTree = "<group>"; };
		67AD014620D06BBF003EC813 /* Log.m */ = {isa = PBXFileReference; fileEncoding = 4; lastKnownFileType = sourcecode.c.objc; path = Log.m; sourceTree = "<group>"; };
		67B2E78E1C9C25D3001D0068 /* coredata.xcdatamodel */ = {isa = PBXFileReference; lastKnownFileType = wrapper.xcdatamodel; path = coredata.xcdatamodel; sourceTree = "<group>"; };
		67BBC2631CA07B20004D8105 /* syncCellTableViewCell.h */ = {isa = PBXFileReference; fileEncoding = 4; lastKnownFileType = sourcecode.c.h; path = syncCellTableViewCell.h; sourceTree = "<group>"; };
		67BBC2641CA07B20004D8105 /* syncCellTableViewCell.m */ = {isa = PBXFileReference; fileEncoding = 4; lastKnownFileType = sourcecode.c.objc; path = syncCellTableViewCell.m; sourceTree = "<group>"; };
		67BD43A31D84E7B100582091 /* Main.storyboard */ = {isa = PBXFileReference; fileEncoding = 4; lastKnownFileType = file.storyboard; path = Main.storyboard; sourceTree = "<group>"; };
		67BF8E8C1CDAF406008C6643 /* colorAvg.h */ = {isa = PBXFileReference; fileEncoding = 4; lastKnownFileType = sourcecode.c.h; name = colorAvg.h; path = TabBarDemo/colorAvg.h; sourceTree = "<group>"; };
		67BF8E8D1CDAF406008C6643 /* colorAvg.m */ = {isa = PBXFileReference; fileEncoding = 4; lastKnownFileType = sourcecode.c.objc; name = colorAvg.m; path = TabBarDemo/colorAvg.m; sourceTree = "<group>"; };
		67BF8E971CDAF7EF008C6643 /* CCColorCube.h */ = {isa = PBXFileReference; fileEncoding = 4; lastKnownFileType = sourcecode.c.h; name = CCColorCube.h; path = TabBarDemo/CCColorCube.h; sourceTree = "<group>"; };
		67BF8E981CDAF7EF008C6643 /* CCColorCube.m */ = {isa = PBXFileReference; fileEncoding = 4; lastKnownFileType = sourcecode.c.objc; name = CCColorCube.m; path = TabBarDemo/CCColorCube.m; sourceTree = "<group>"; };
		67BF8E991CDAF7EF008C6643 /* CCLocalMaximum.h */ = {isa = PBXFileReference; fileEncoding = 4; lastKnownFileType = sourcecode.c.h; name = CCLocalMaximum.h; path = TabBarDemo/CCLocalMaximum.h; sourceTree = "<group>"; };
		67BF8E9A1CDAF7EF008C6643 /* CCLocalMaximum.m */ = {isa = PBXFileReference; fileEncoding = 4; lastKnownFileType = sourcecode.c.objc; name = CCLocalMaximum.m; path = TabBarDemo/CCLocalMaximum.m; sourceTree = "<group>"; };
		67C12A961D43384100F93984 /* CircularPickerView.h */ = {isa = PBXFileReference; fileEncoding = 4; lastKnownFileType = sourcecode.c.h; path = CircularPickerView.h; sourceTree = "<group>"; };
		67C12A971D43384100F93984 /* CircularPickerView.m */ = {isa = PBXFileReference; fileEncoding = 4; lastKnownFileType = sourcecode.c.objc; path = CircularPickerView.m; sourceTree = "<group>"; };
		67C175581C89B49C00AE6CA7 /* ThirViewController.m */ = {isa = PBXFileReference; fileEncoding = 4; lastKnownFileType = sourcecode.c.objc; path = ThirViewController.m; sourceTree = "<group>"; };
		67C1755A1C89B49C00AE6CA7 /* ThirViewController.h */ = {isa = PBXFileReference; fileEncoding = 4; lastKnownFileType = sourcecode.c.h; path = ThirViewController.h; sourceTree = "<group>"; };
		67C1755C1C89B49C00AE6CA7 /* MultiSelectSegmentedControl.h */ = {isa = PBXFileReference; fileEncoding = 4; lastKnownFileType = sourcecode.c.h; path = MultiSelectSegmentedControl.h; sourceTree = "<group>"; };
		67C1755D1C89B49C00AE6CA7 /* MultiSelectSegmentedControl.m */ = {isa = PBXFileReference; fileEncoding = 4; lastKnownFileType = sourcecode.c.objc; path = MultiSelectSegmentedControl.m; sourceTree = "<group>"; };
		67C175941C89B5AA00AE6CA7 /* FirstViewController.m */ = {isa = PBXFileReference; fileEncoding = 4; lastKnownFileType = sourcecode.c.objc; path = FirstViewController.m; sourceTree = "<group>"; };
		67C175951C89B5AA00AE6CA7 /* FirstViewController.h */ = {isa = PBXFileReference; fileEncoding = 4; lastKnownFileType = sourcecode.c.h; path = FirstViewController.h; sourceTree = "<group>"; };
		67C2F69E1D19E34F006BD9C7 /* KeychainWrapper.h */ = {isa = PBXFileReference; fileEncoding = 4; lastKnownFileType = sourcecode.c.h; name = KeychainWrapper.h; path = TabBarDemo/KeychainWrapper.h; sourceTree = "<group>"; };
		67C2F69F1D19E34F006BD9C7 /* KeychainWrapper.m */ = {isa = PBXFileReference; fileEncoding = 4; lastKnownFileType = sourcecode.c.objc; name = KeychainWrapper.m; path = TabBarDemo/KeychainWrapper.m; sourceTree = "<group>"; };
		67C2F6A11D1A03DA006BD9C7 /* Password.h */ = {isa = PBXFileReference; fileEncoding = 4; lastKnownFileType = sourcecode.c.h; name = Password.h; path = TabBarDemo/Password.h; sourceTree = "<group>"; };
		67C2F6A21D1A03DA006BD9C7 /* Password.m */ = {isa = PBXFileReference; fileEncoding = 4; lastKnownFileType = sourcecode.c.objc; name = Password.m; path = TabBarDemo/Password.m; sourceTree = "<group>"; };
		67D6BD711CE237DC00536686 /* testWifi.xctest */ = {isa = PBXFileReference; explicitFileType = wrapper.cfbundle; includeInIndex = 0; path = testWifi.xctest; sourceTree = BUILT_PRODUCTS_DIR; };
		67E1FEA01CA8497200DEAAA2 /* Timings.m */ = {isa = PBXFileReference; fileEncoding = 4; lastKnownFileType = sourcecode.c.objc; path = Timings.m; sourceTree = "<group>"; };
		67E1FEA11CA8497200DEAAA2 /* Timings.h */ = {isa = PBXFileReference; fileEncoding = 4; lastKnownFileType = sourcecode.c.h; path = Timings.h; sourceTree = "<group>"; };
		67E1FEA21CA8497200DEAAA2 /* wifiCell.h */ = {isa = PBXFileReference; fileEncoding = 4; lastKnownFileType = sourcecode.c.h; path = wifiCell.h; sourceTree = "<group>"; };
		67E1FEA31CA8497200DEAAA2 /* wifiCell.m */ = {isa = PBXFileReference; fileEncoding = 4; lastKnownFileType = sourcecode.c.objc; path = wifiCell.m; sourceTree = "<group>"; };
		67F46E801CD24931003847D7 /* emailCellTableViewCell.h */ = {isa = PBXFileReference; fileEncoding = 4; lastKnownFileType = sourcecode.c.h; path = emailCellTableViewCell.h; sourceTree = "<group>"; };
		67F46E811CD24931003847D7 /* emailCellTableViewCell.m */ = {isa = PBXFileReference; fileEncoding = 4; lastKnownFileType = sourcecode.c.objc; path = emailCellTableViewCell.m; sourceTree = "<group>"; };
		72EC05B317E8DF3D00DCB9A3 /* HeatIoTIoS.app */ = {isa = PBXFileReference; explicitFileType = wrapper.application; includeInIndex = 0; path = HeatIoTIoS.app; sourceTree = BUILT_PRODUCTS_DIR; };
		72EC05BE17E8DF3D00DCB9A3 /* HeatIoTIoS-Info.plist */ = {isa = PBXFileReference; lastKnownFileType = text.plist.xml; path = "HeatIoTIoS-Info.plist"; sourceTree = "<group>"; };
		72EC05C017E8DF3D00DCB9A3 /* en */ = {isa = PBXFileReference; lastKnownFileType = text.plist.strings; name = en; path = en.lproj/InfoPlist.strings; sourceTree = "<group>"; };
		72EC05C217E8DF3D00DCB9A3 /* main.m */ = {isa = PBXFileReference; lastKnownFileType = sourcecode.c.objc; path = main.m; sourceTree = "<group>"; };
		72EC05C417E8DF3D00DCB9A3 /* HeatIoTIoS-Prefix.pch */ = {isa = PBXFileReference; lastKnownFileType = sourcecode.c.h; path = "HeatIoTIoS-Prefix.pch"; sourceTree = "<group>"; };
		72EC05C517E8DF3D00DCB9A3 /* AppDelegate.h */ = {isa = PBXFileReference; lastKnownFileType = sourcecode.c.h; path = AppDelegate.h; sourceTree = "<group>"; };
		72EC05C617E8DF3D00DCB9A3 /* AppDelegate.m */ = {isa = PBXFileReference; lastKnownFileType = sourcecode.c.objc; path = AppDelegate.m; sourceTree = "<group>"; };
		72EC05D717E8DF3D00DCB9A3 /* HeatIoTIoS.xctest */ = {isa = PBXFileReference; explicitFileType = wrapper.cfbundle; includeInIndex = 0; path = HeatIoTIoS.xctest; sourceTree = BUILT_PRODUCTS_DIR; };
		98080CEF0BA0DDD7E64E8393 /* Pods-HeatIoTIoS.release.xcconfig */ = {isa = PBXFileReference; includeInIndex = 1; lastKnownFileType = text.xcconfig; name = "Pods-HeatIoTIoS.release.xcconfig"; path = "Target Support Files/Pods-HeatIoTIoS/Pods-HeatIoTIoS.release.xcconfig"; sourceTree = "<group>"; };
		FCC03083211397D63AB43874 /* Pods-HeatIoTIoS.debug.xcconfig */ = {isa = PBXFileReference; includeInIndex = 1; lastKnownFileType = text.xcconfig; name = "Pods-HeatIoTIoS.debug.xcconfig"; path = "Target Support Files/Pods-HeatIoTIoS/Pods-HeatIoTIoS.debug.xcconfig"; sourceTree = "<group>"; };
/* End PBXFileReference section */

/* Begin PBXFrameworksBuildPhase section */
		67D6BD6E1CE237DC00536686 /* Frameworks */ = {
			isa = PBXFrameworksBuildPhase;
			buildActionMask = 2147483647;
			files = (
			);
			runOnlyForDeploymentPostprocessing = 0;
		};
		72EC05B017E8DF3D00DCB9A3 /* Frameworks */ = {
			isa = PBXFrameworksBuildPhase;
			buildActionMask = 2147483647;
			files = (
				A51E8184E80E55381B901137 /* Pods_HeatIoTIoS.framework in Frameworks */,
			);
			runOnlyForDeploymentPostprocessing = 0;
		};
		72EC05D417E8DF3D00DCB9A3 /* Frameworks */ = {
			isa = PBXFrameworksBuildPhase;
			buildActionMask = 2147483647;
			files = (
			);
			runOnlyForDeploymentPostprocessing = 0;
		};
/* End PBXFrameworksBuildPhase section */

/* Begin PBXGroup section */
		672F86061D39C8DB007AF7CD /* XYDoughnut */ = {
			isa = PBXGroup;
			children = (
				672F85EA1D39A5AE007AF7CD /* NSIndexPath+XYDoughnutChart.h */,
				672F85EB1D39A5AE007AF7CD /* NSIndexPath+XYDoughnutChart.m */,
				672F85EC1D39A5AE007AF7CD /* XYDoughnutChart.h */,
				672F85ED1D39A5AE007AF7CD /* XYDoughnutChart.m */,
				672F85F01D39A637007AF7CD /* DoughnutChartContainerView.h */,
				672F85F11D39A637007AF7CD /* DoughnutChartContainerView.m */,
			);
			name = XYDoughnut;
			sourceTree = "<group>";
		};
		672F86071D39CDEC007AF7CD /* ColorCube */ = {
			isa = PBXGroup;
			children = (
				67BF8E8C1CDAF406008C6643 /* colorAvg.h */,
				67BF8E8D1CDAF406008C6643 /* colorAvg.m */,
				67BF8E971CDAF7EF008C6643 /* CCColorCube.h */,
				67BF8E981CDAF7EF008C6643 /* CCColorCube.m */,
				67BF8E991CDAF7EF008C6643 /* CCLocalMaximum.h */,
				67BF8E9A1CDAF7EF008C6643 /* CCLocalMaximum.m */,
			);
			name = ColorCube;
			sourceTree = "<group>";
		};
		672F86081D39CE0B007AF7CD /* Password */ = {
			isa = PBXGroup;
			children = (
				67C2F69E1D19E34F006BD9C7 /* KeychainWrapper.h */,
				67C2F69F1D19E34F006BD9C7 /* KeychainWrapper.m */,
				678559D61D1AD23700453F16 /* ChangePassword.h */,
				678559D71D1AD23700453F16 /* ChangePassword.m */,
				67C2F6A11D1A03DA006BD9C7 /* Password.h */,
				67C2F6A21D1A03DA006BD9C7 /* Password.m */,
			);
			name = Password;
			sourceTree = "<group>";
		};
		672F860A1D39CE4A007AF7CD /* CustomCells */ = {
			isa = PBXGroup;
			children = (
				675E8B8E2117C11700A00E62 /* mlogCell.h */,
				675E8B8F2117C11700A00E62 /* mlogCell.m */,
				67BBC2631CA07B20004D8105 /* syncCellTableViewCell.h */,
				67BBC2641CA07B20004D8105 /* syncCellTableViewCell.m */,
				67F46E801CD24931003847D7 /* emailCellTableViewCell.h */,
				67F46E811CD24931003847D7 /* emailCellTableViewCell.m */,
				676683031CDFFBB000E21B29 /* headerCell.h */,
				676683041CDFFBB000E21B29 /* headerCell.m */,
				677CA3DF1D298BD100EA64CF /* logCell.h */,
				677CA3E01D298BD100EA64CF /* logCell.m */,
				6774EC1C1CD45BCD001DC448 /* miColl.h */,
				6774EC1D1CD45BCD001DC448 /* miColl.m */,
				6798219F1C9B0AB7002C80E7 /* servingCell.h */,
				679821A01C9B0AB7002C80E7 /* servingCell.m */,
				67E1FEA21CA8497200DEAAA2 /* wifiCell.h */,
				67E1FEA31CA8497200DEAAA2 /* wifiCell.m */,
			);
			name = CustomCells;
			path = TabBarDemo;
			sourceTree = "<group>";
		};
		672F860B1D39CE96007AF7CD /* CustomSegments */ = {
			isa = PBXGroup;
			children = (
				679821991C9ADD79002C80E7 /* HMSegmentedControl.h */,
				6798219A1C9ADD79002C80E7 /* HMSegmentedControl.m */,
				67C1755C1C89B49C00AE6CA7 /* MultiSelectSegmentedControl.h */,
				67C1755D1C89B49C00AE6CA7 /* MultiSelectSegmentedControl.m */,
				676C1FD21C8BDA6E004128FC /* URBSegmentedControl.h */,
				676C1FD11C8BDA6E004128FC /* URBSegmentedControl.m */,
			);
			name = CustomSegments;
			path = TabBarDemo;
			sourceTree = "<group>";
		};
		672F860C1D39CEBC007AF7CD /* Resources */ = {
			isa = PBXGroup;
			children = (
				67B2E78D1C9C25D3001D0068 /* coredata.xcdatamodeld */,
				67145B431C9593F9009B70A2 /* Images.xcassets */,
				679809631C89CF83006ED86F /* LaunchScreen.storyboard */,
				72EC05BD17E8DF3D00DCB9A3 /* Supporting Files */,
			);
			name = Resources;
			path = TabBarDemo;
			sourceTree = "<group>";
		};
		672F860D1D39CEF9007AF7CD /* Http */ = {
			isa = PBXGroup;
			children = (
				677572CB1CBFD53F004197F8 /* httpVC.h */,
				677572CC1CBFD53F004197F8 /* httpVC.m */,
			);
			name = Http;
			path = TabBarDemo;
			sourceTree = "<group>";
		};
		6747B11A1D402A4A00ECB87E /* btCustomPopUp */ = {
			isa = PBXGroup;
			children = (
				6747B11B1D402A6B00ECB87E /* btSimplePopUP.h */,
				6747B11C1D402A6B00ECB87E /* btSimplePopUP.m */,
			);
			name = btCustomPopUp;
			sourceTree = "<group>";
		};
		6770D6C41D8CB82400C1D841 /* HUD */ = {
			isa = PBXGroup;
			children = (
				6770D6C51D8CB83500C1D841 /* MBProgressHUD.h */,
				6770D6C61D8CB83500C1D841 /* MBProgressHUD.m */,
			);
			name = HUD;
			sourceTree = "<group>";
		};
		67C12A951D43382900F93984 /* CirculaPickerView */ = {
			isa = PBXGroup;
			children = (
				67C12A961D43384100F93984 /* CircularPickerView.h */,
				67C12A971D43384100F93984 /* CircularPickerView.m */,
			);
			name = CirculaPickerView;
			sourceTree = "<group>";
		};
		72EC05AA17E8DF3D00DCB9A3 = {
			isa = PBXGroup;
			children = (
				6770D6C41D8CB82400C1D841 /* HUD */,
				6747B11A1D402A4A00ECB87E /* btCustomPopUp */,
				67C12A951D43382900F93984 /* CirculaPickerView */,
				672F86071D39CDEC007AF7CD /* ColorCube */,
				672F860A1D39CE4A007AF7CD /* CustomCells */,
				672F860B1D39CE96007AF7CD /* CustomSegments */,
				72EC05BC17E8DF3D00DCB9A3 /* Heatiot */,
				672F860D1D39CEF9007AF7CD /* Http */,
				672F86081D39CE0B007AF7CD /* Password */,
				72EC05B417E8DF3D00DCB9A3 /* Products */,
				672F860C1D39CEBC007AF7CD /* Resources */,
				672F86061D39C8DB007AF7CD /* XYDoughnut */,
				679CA0122159A130005BE640 /* HeatIoTIoS-Bridging-Header.h */,
				F042995FA2481C2A82D3CF27 /* Pods */,
				92DAD29D75B833ED77BC23C8 /* Frameworks */,
			);
			sourceTree = "<group>";
		};
		72EC05B417E8DF3D00DCB9A3 /* Products */ = {
			isa = PBXGroup;
			children = (
				72EC05B317E8DF3D00DCB9A3 /* HeatIoTIoS.app */,
				72EC05D717E8DF3D00DCB9A3 /* HeatIoTIoS.xctest */,
				67D6BD711CE237DC00536686 /* testWifi.xctest */,
			);
			name = Products;
			sourceTree = "<group>";
		};
		72EC05BC17E8DF3D00DCB9A3 /* Heatiot */ = {
			isa = PBXGroup;
			children = (
				677C01A51CD450C9008533BE /* albumVC.h */,
				677C01A61CD450C9008533BE /* albumVC.m */,
				6797063620FBD3B40039EA3F /* AMTumblrHud.h */,
				6797063720FBD3B40039EA3F /* AMTumblrHud.m */,
				72EC05C517E8DF3D00DCB9A3 /* AppDelegate.h */,
				72EC05C617E8DF3D00DCB9A3 /* AppDelegate.m */,
				67C175951C89B5AA00AE6CA7 /* FirstViewController.h */,
				67C175941C89B5AA00AE6CA7 /* FirstViewController.m */,
				67AD014520D06BBF003EC813 /* Log.h */,
				67AD014620D06BBF003EC813 /* Log.m */,
				67BD43A31D84E7B100582091 /* Main.storyboard */,
				671A10491D82633200F3F97F /* MainStoryboard_iPad.storyboard */,
				674A38472159A1FF00105C85 /* MQTTSwift.swift */,
				67148E53215AB89600193022 /* mqttUser.h */,
				67148E54215AB89600193022 /* mqttUser.m */,
				67145B451C95B099009B70A2 /* petInfoViewController.h */,
				67145B461C95B099009B70A2 /* petInfoViewController.m */,
				67201BD020C42EF300A5123E /* resetVC.h */,
				67201BD120C42EF300A5123E /* resetVC.m */,
				6785BA501D82EA52003297E0 /* tabc.h */,
				6785BA511D82EA52003297E0 /* tabc.m */,
				676C6FE71CA5C60A009E6E04 /* TextFieldValidator.h */,
				676C6FE81CA5C60A009E6E04 /* TextFieldValidator.m */,
				67C1755A1C89B49C00AE6CA7 /* ThirViewController.h */,
				67C175581C89B49C00AE6CA7 /* ThirViewController.m */,
				67E1FEA11CA8497200DEAAA2 /* Timings.h */,
				67E1FEA01CA8497200DEAAA2 /* Timings.m */,
				67804AFC1D7F02D000678A85 /* webBrowserViewController.h */,
				67804AFD1D7F02D000678A85 /* webBrowserViewController.m */,
			);
			name = Heatiot;
			path = TabBarDemo;
			sourceTree = "<group>";
		};
		72EC05BD17E8DF3D00DCB9A3 /* Supporting Files */ = {
			isa = PBXGroup;
			children = (
				72EC05BE17E8DF3D00DCB9A3 /* HeatIoTIoS-Info.plist */,
				72EC05BF17E8DF3D00DCB9A3 /* InfoPlist.strings */,
				72EC05C217E8DF3D00DCB9A3 /* main.m */,
				72EC05C417E8DF3D00DCB9A3 /* HeatIoTIoS-Prefix.pch */,
			);
			name = "Supporting Files";
			sourceTree = "<group>";
		};
		92DAD29D75B833ED77BC23C8 /* Frameworks */ = {
			isa = PBXGroup;
			children = (
				28760B986472395FC7715343 /* Pods_HeatIoTIoS.framework */,
			);
			name = Frameworks;
			sourceTree = "<group>";
		};
		F042995FA2481C2A82D3CF27 /* Pods */ = {
			isa = PBXGroup;
			children = (
				FCC03083211397D63AB43874 /* Pods-HeatIoTIoS.debug.xcconfig */,
				98080CEF0BA0DDD7E64E8393 /* Pods-HeatIoTIoS.release.xcconfig */,
			);
			path = Pods;
			sourceTree = "<group>";
		};
/* End PBXGroup section */

/* Begin PBXNativeTarget section */
		67D6BD701CE237DC00536686 /* testWifi */ = {
			isa = PBXNativeTarget;
			buildConfigurationList = 67D6BD7A1CE237DC00536686 /* Build configuration list for PBXNativeTarget "testWifi" */;
			buildPhases = (
				67D6BD6D1CE237DC00536686 /* Sources */,
				67D6BD6E1CE237DC00536686 /* Frameworks */,
				67D6BD6F1CE237DC00536686 /* Resources */,
			);
			buildRules = (
			);
			dependencies = (
				67D6BD771CE237DC00536686 /* PBXTargetDependency */,
			);
			name = testWifi;
			productName = testWifi;
			productReference = 67D6BD711CE237DC00536686 /* testWifi.xctest */;
			productType = "com.apple.product-type.bundle.unit-test";
		};
		72EC05B217E8DF3D00DCB9A3 /* HeatIoTIoS */ = {
			isa = PBXNativeTarget;
			buildConfigurationList = 72EC05E817E8DF3D00DCB9A3 /* Build configuration list for PBXNativeTarget "HeatIoTIoS" */;
			buildPhases = (
				363F0FF9A3CDD87B5530F0BF /* [CP] Check Pods Manifest.lock */,
				72EC05AF17E8DF3D00DCB9A3 /* Sources */,
				72EC05B017E8DF3D00DCB9A3 /* Frameworks */,
				72EC05B117E8DF3D00DCB9A3 /* Resources */,
				4CD7B695C59CE02DBCA323D6 /* [CP] Embed Pods Frameworks */,
			);
			buildRules = (
			);
			dependencies = (
			);
			name = HeatIoTIoS;
			productName = TabBarDemo;
			productReference = 72EC05B317E8DF3D00DCB9A3 /* HeatIoTIoS.app */;
			productType = "com.apple.product-type.application";
		};
		72EC05D617E8DF3D00DCB9A3 /* HeatIoTIoSTests */ = {
			isa = PBXNativeTarget;
			buildConfigurationList = 72EC05EB17E8DF3D00DCB9A3 /* Build configuration list for PBXNativeTarget "HeatIoTIoSTests" */;
			buildPhases = (
				72EC05D317E8DF3D00DCB9A3 /* Sources */,
				72EC05D417E8DF3D00DCB9A3 /* Frameworks */,
				72EC05D517E8DF3D00DCB9A3 /* Resources */,
			);
			buildRules = (
			);
			dependencies = (
				72EC05DD17E8DF3D00DCB9A3 /* PBXTargetDependency */,
			);
			name = HeatIoTIoSTests;
			productName = TabBarDemoTests;
			productReference = 72EC05D717E8DF3D00DCB9A3 /* HeatIoTIoS.xctest */;
			productType = "com.apple.product-type.bundle.unit-test";
		};
/* End PBXNativeTarget section */

/* Begin PBXProject section */
		72EC05AB17E8DF3D00DCB9A3 /* Project object */ = {
			isa = PBXProject;
			attributes = {
				LastSwiftUpdateCheck = 0730;
				LastUpgradeCheck = 0720;
				ORGANIZATIONNAME = "Colin Eberhardt";
				TargetAttributes = {
					67D6BD701CE237DC00536686 = {
						CreatedOnToolsVersion = 7.3.1;
						TestTargetID = 72EC05B217E8DF3D00DCB9A3;
					};
					72EC05B217E8DF3D00DCB9A3 = {
						DevelopmentTeam = CQK3A35QZM;
						LastSwiftMigration = 0940;
						ProvisioningStyle = Automatic;
					};
					72EC05D617E8DF3D00DCB9A3 = {
						TestTargetID = 72EC05B217E8DF3D00DCB9A3;
					};
				};
			};
			buildConfigurationList = 72EC05AE17E8DF3D00DCB9A3 /* Build configuration list for PBXProject "HeatIoTIoS" */;
			compatibilityVersion = "Xcode 3.2";
			developmentRegion = English;
			hasScannedForEncodings = 0;
			knownRegions = (
				en,
				Base,
			);
			mainGroup = 72EC05AA17E8DF3D00DCB9A3;
			productRefGroup = 72EC05B417E8DF3D00DCB9A3 /* Products */;
			projectDirPath = "";
			projectRoot = "";
			targets = (
				72EC05B217E8DF3D00DCB9A3 /* HeatIoTIoS */,
				72EC05D617E8DF3D00DCB9A3 /* HeatIoTIoSTests */,
				67D6BD701CE237DC00536686 /* testWifi */,
			);
		};
/* End PBXProject section */

/* Begin PBXResourcesBuildPhase section */
		67D6BD6F1CE237DC00536686 /* Resources */ = {
			isa = PBXResourcesBuildPhase;
			buildActionMask = 2147483647;
			files = (
			);
			runOnlyForDeploymentPostprocessing = 0;
		};
		72EC05B117E8DF3D00DCB9A3 /* Resources */ = {
			isa = PBXResourcesBuildPhase;
			buildActionMask = 2147483647;
			files = (
				67145B441C9593F9009B70A2 /* Images.xcassets in Resources */,
				67BD43A41D84E7B100582091 /* Main.storyboard in Resources */,
				679809641C89CF83006ED86F /* LaunchScreen.storyboard in Resources */,
				72EC05C117E8DF3D00DCB9A3 /* InfoPlist.strings in Resources */,
				671A104B1D82633200F3F97F /* MainStoryboard_iPad.storyboard in Resources */,
			);
			runOnlyForDeploymentPostprocessing = 0;
		};
		72EC05D517E8DF3D00DCB9A3 /* Resources */ = {
			isa = PBXResourcesBuildPhase;
			buildActionMask = 2147483647;
			files = (
			);
			runOnlyForDeploymentPostprocessing = 0;
		};
/* End PBXResourcesBuildPhase section */

/* Begin PBXShellScriptBuildPhase section */
		363F0FF9A3CDD87B5530F0BF /* [CP] Check Pods Manifest.lock */ = {
			isa = PBXShellScriptBuildPhase;
			buildActionMask = 2147483647;
			files = (
			);
			inputPaths = (
				"${PODS_PODFILE_DIR_PATH}/Podfile.lock",
				"${PODS_ROOT}/Manifest.lock",
			);
			name = "[CP] Check Pods Manifest.lock";
			outputPaths = (
				"$(DERIVED_FILE_DIR)/Pods-HeatIoTIoS-checkManifestLockResult.txt",
			);
			runOnlyForDeploymentPostprocessing = 0;
			shellPath = /bin/sh;
			shellScript = "diff \"${PODS_PODFILE_DIR_PATH}/Podfile.lock\" \"${PODS_ROOT}/Manifest.lock\" > /dev/null\nif [ $? != 0 ] ; then\n    # print error to STDERR\n    echo \"error: The sandbox is not in sync with the Podfile.lock. Run 'pod install' or update your CocoaPods installation.\" >&2\n    exit 1\nfi\n# This output is used by Xcode 'outputs' to avoid re-running this script phase.\necho \"SUCCESS\" > \"${SCRIPT_OUTPUT_FILE_0}\"\n";
			showEnvVarsInLog = 0;
		};
		4CD7B695C59CE02DBCA323D6 /* [CP] Embed Pods Frameworks */ = {
			isa = PBXShellScriptBuildPhase;
			buildActionMask = 2147483647;
			files = (
			);
			inputPaths = (
				"${PODS_ROOT}/Target Support Files/Pods-HeatIoTIoS/Pods-HeatIoTIoS-frameworks.sh",
				"${BUILT_PRODUCTS_DIR}/CocoaAsyncSocket/CocoaAsyncSocket.framework",
				"${BUILT_PRODUCTS_DIR}/CocoaMQTT/CocoaMQTT.framework",
				"${BUILT_PRODUCTS_DIR}/SwiftyTimer/SwiftyTimer.framework",
			);
			name = "[CP] Embed Pods Frameworks";
			outputPaths = (
				"${TARGET_BUILD_DIR}/${FRAMEWORKS_FOLDER_PATH}/CocoaAsyncSocket.framework",
				"${TARGET_BUILD_DIR}/${FRAMEWORKS_FOLDER_PATH}/CocoaMQTT.framework",
				"${TARGET_BUILD_DIR}/${FRAMEWORKS_FOLDER_PATH}/SwiftyTimer.framework",
			);
			runOnlyForDeploymentPostprocessing = 0;
			shellPath = /bin/sh;
			shellScript = "\"${PODS_ROOT}/Target Support Files/Pods-HeatIoTIoS/Pods-HeatIoTIoS-frameworks.sh\"\n";
			showEnvVarsInLog = 0;
		};
/* End PBXShellScriptBuildPhase section */

/* Begin PBXSourcesBuildPhase section */
		67D6BD6D1CE237DC00536686 /* Sources */ = {
			isa = PBXSourcesBuildPhase;
			buildActionMask = 2147483647;
			files = (
			);
			runOnlyForDeploymentPostprocessing = 0;
		};
		72EC05AF17E8DF3D00DCB9A3 /* Sources */ = {
			isa = PBXSourcesBuildPhase;
			buildActionMask = 2147483647;
			files = (
				67C2F6A31D1A03DA006BD9C7 /* Password.m in Sources */,
				67804AFE1D7F02D000678A85 /* webBrowserViewController.m in Sources */,
				67AD014720D06BBF003EC813 /* Log.m in Sources */,
				67BF8E8E1CDAF406008C6643 /* colorAvg.m in Sources */,
				6785BA521D82EA52003297E0 /* tabc.m in Sources */,
				6798219B1C9ADD79002C80E7 /* HMSegmentedControl.m in Sources */,
				6770D6C71D8CB83500C1D841 /* MBProgressHUD.m in Sources */,
				67201BD220C42EF300A5123E /* resetVC.m in Sources */,
				672F85EE1D39A5AE007AF7CD /* NSIndexPath+XYDoughnutChart.m in Sources */,
				67E1FEA41CA8497200DEAAA2 /* Timings.m in Sources */,
				67C2F6A01D19E34F006BD9C7 /* KeychainWrapper.m in Sources */,
				67BF8E9B1CDAF7EF008C6643 /* CCColorCube.m in Sources */,
				67C175961C89B5AA00AE6CA7 /* FirstViewController.m in Sources */,
				72EC05C717E8DF3D00DCB9A3 /* AppDelegate.m in Sources */,
				67C175621C89B49C00AE6CA7 /* ThirViewController.m in Sources */,
				6747B11D1D402A6B00ECB87E /* btSimplePopUP.m in Sources */,
				679821A11C9B0AB7002C80E7 /* servingCell.m in Sources */,
				6797063820FBD3B50039EA3F /* AMTumblrHud.m in Sources */,
				675E8B902117C11700A00E62 /* mlogCell.m in Sources */,
				677CA3E31D298BD100EA64CF /* logCell.m in Sources */,
				67B2E78F1C9C25D3001D0068 /* coredata.xcdatamodeld in Sources */,
				672F85F21D39A637007AF7CD /* DoughnutChartContainerView.m in Sources */,
				672F85EF1D39A5AE007AF7CD /* XYDoughnutChart.m in Sources */,
				67C12A981D43384100F93984 /* CircularPickerView.m in Sources */,
				67145B471C95B099009B70A2 /* petInfoViewController.m in Sources */,
				677572CD1CBFD53F004197F8 /* httpVC.m in Sources */,
				67148E55215AB89600193022 /* mqttUser.m in Sources */,
				6774EC1E1CD45BCD001DC448 /* miColl.m in Sources */,
				676C1FD31C8BDA6E004128FC /* URBSegmentedControl.m in Sources */,
				678559D81D1AD23700453F16 /* ChangePassword.m in Sources */,
				67BF8E9C1CDAF7EF008C6643 /* CCLocalMaximum.m in Sources */,
				72EC05C317E8DF3D00DCB9A3 /* main.m in Sources */,
				67F46E821CD24931003847D7 /* emailCellTableViewCell.m in Sources */,
				67C175641C89B49C00AE6CA7 /* MultiSelectSegmentedControl.m in Sources */,
				67E1FEA51CA8497200DEAAA2 /* wifiCell.m in Sources */,
				676683051CDFFBB000E21B29 /* headerCell.m in Sources */,
				674A38482159A1FF00105C85 /* MQTTSwift.swift in Sources */,
				676C6FE91CA5C60A009E6E04 /* TextFieldValidator.m in Sources */,
				677C01A71CD450C9008533BE /* albumVC.m in Sources */,
				67BBC2651CA07B20004D8105 /* syncCellTableViewCell.m in Sources */,
			);
			runOnlyForDeploymentPostprocessing = 0;
		};
		72EC05D317E8DF3D00DCB9A3 /* Sources */ = {
			isa = PBXSourcesBuildPhase;
			buildActionMask = 2147483647;
			files = (
			);
			runOnlyForDeploymentPostprocessing = 0;
		};
/* End PBXSourcesBuildPhase section */

/* Begin PBXTargetDependency section */
		67D6BD771CE237DC00536686 /* PBXTargetDependency */ = {
			isa = PBXTargetDependency;
			target = 72EC05B217E8DF3D00DCB9A3 /* HeatIoTIoS */;
			targetProxy = 67D6BD761CE237DC00536686 /* PBXContainerItemProxy */;
		};
		72EC05DD17E8DF3D00DCB9A3 /* PBXTargetDependency */ = {
			isa = PBXTargetDependency;
			target = 72EC05B217E8DF3D00DCB9A3 /* HeatIoTIoS */;
			targetProxy = 72EC05DC17E8DF3D00DCB9A3 /* PBXContainerItemProxy */;
		};
/* End PBXTargetDependency section */

/* Begin PBXVariantGroup section */
		671A10491D82633200F3F97F /* MainStoryboard_iPad.storyboard */ = {
			isa = PBXVariantGroup;
			children = (
				671A104A1D82633200F3F97F /* Base */,
			);
			name = MainStoryboard_iPad.storyboard;
			sourceTree = "<group>";
		};
		72EC05BF17E8DF3D00DCB9A3 /* InfoPlist.strings */ = {
			isa = PBXVariantGroup;
			children = (
				72EC05C017E8DF3D00DCB9A3 /* en */,
			);
			name = InfoPlist.strings;
			sourceTree = "<group>";
		};
/* End PBXVariantGroup section */

/* Begin XCBuildConfiguration section */
		67D6BD781CE237DC00536686 /* Debug */ = {
			isa = XCBuildConfiguration;
			buildSettings = {
				ALWAYS_EMBED_SWIFT_STANDARD_LIBRARIES = YES;
				BUNDLE_LOADER = "$(TEST_HOST)";
				CLANG_ANALYZER_NONNULL = YES;
				CLANG_WARN_UNREACHABLE_CODE = YES;
				DEBUG_INFORMATION_FORMAT = dwarf;
				ENABLE_STRICT_OBJC_MSGSEND = YES;
				GCC_NO_COMMON_BLOCKS = YES;
				GCC_WARN_UNINITIALIZED_AUTOS = YES_AGGRESSIVE;
				INFOPLIST_FILE = testWifi/Info.plist;
				IPHONEOS_DEPLOYMENT_TARGET = 9.3;
				LD_RUNPATH_SEARCH_PATHS = "$(inherited) @executable_path/Frameworks @loader_path/Frameworks";
				MTL_ENABLE_DEBUG_INFO = YES;
				PRODUCT_BUNDLE_IDENTIFIER = rsn.testWifi;
				PRODUCT_NAME = "$(TARGET_NAME)";
				TEST_HOST = "$(BUILT_PRODUCTS_DIR)/HeatIoTIoS.app/HeatIoTIoS";
			};
			name = Debug;
		};
		67D6BD791CE237DC00536686 /* Release */ = {
			isa = XCBuildConfiguration;
			buildSettings = {
				ALWAYS_EMBED_SWIFT_STANDARD_LIBRARIES = YES;
				BUNDLE_LOADER = "$(TEST_HOST)";
				CLANG_ANALYZER_NONNULL = YES;
				CLANG_WARN_UNREACHABLE_CODE = YES;
				COPY_PHASE_STRIP = NO;
				DEBUG_INFORMATION_FORMAT = "dwarf-with-dsym";
				ENABLE_STRICT_OBJC_MSGSEND = YES;
				GCC_NO_COMMON_BLOCKS = YES;
				GCC_WARN_UNINITIALIZED_AUTOS = YES_AGGRESSIVE;
				INFOPLIST_FILE = testWifi/Info.plist;
				IPHONEOS_DEPLOYMENT_TARGET = 9.3;
				LD_RUNPATH_SEARCH_PATHS = "$(inherited) @executable_path/Frameworks @loader_path/Frameworks";
				MTL_ENABLE_DEBUG_INFO = NO;
				PRODUCT_BUNDLE_IDENTIFIER = rsn.testWifi;
				PRODUCT_NAME = "$(TARGET_NAME)";
				TEST_HOST = "$(BUILT_PRODUCTS_DIR)/HeatIoTIoS.app/HeatIoTIoS";
			};
			name = Release;
		};
		72EC05E617E8DF3D00DCB9A3 /* Debug */ = {
			isa = XCBuildConfiguration;
			buildSettings = {
				ALWAYS_SEARCH_USER_PATHS = NO;
				CLANG_CXX_LANGUAGE_STANDARD = "gnu++0x";
				CLANG_CXX_LIBRARY = "libc++";
				CLANG_ENABLE_MODULES = YES;
				CLANG_ENABLE_OBJC_ARC = YES;
				CLANG_WARN_BOOL_CONVERSION = YES;
				CLANG_WARN_CONSTANT_CONVERSION = YES;
				CLANG_WARN_DIRECT_OBJC_ISA_USAGE = YES_ERROR;
				CLANG_WARN_EMPTY_BODY = YES;
				CLANG_WARN_ENUM_CONVERSION = YES;
				CLANG_WARN_INT_CONVERSION = YES;
				CLANG_WARN_OBJC_ROOT_CLASS = YES_ERROR;
				CLANG_WARN__DUPLICATE_METHOD_MATCH = YES;
				CODE_SIGN_IDENTITY = "iPhone Distribution: Robert Simpson (CQK3A35QZM)";
				"CODE_SIGN_IDENTITY[sdk=iphoneos*]" = "iPhone Distribution: Robert Simpson (CQK3A35QZM)";
				COPY_PHASE_STRIP = NO;
				ENABLE_ONLY_ACTIVE_RESOURCES = YES;
				ENABLE_TESTABILITY = YES;
				GCC_C_LANGUAGE_STANDARD = gnu99;
				GCC_DYNAMIC_NO_PIC = NO;
				GCC_OPTIMIZATION_LEVEL = 0;
				GCC_PREPROCESSOR_DEFINITIONS = (
					"DEBUG=1",
					"$(inherited)",
				);
				GCC_SYMBOLS_PRIVATE_EXTERN = NO;
				GCC_WARN_64_TO_32_BIT_CONVERSION = YES;
				GCC_WARN_ABOUT_RETURN_TYPE = YES_ERROR;
				GCC_WARN_UNDECLARED_SELECTOR = YES;
				GCC_WARN_UNINITIALIZED_AUTOS = YES;
				GCC_WARN_UNUSED_FUNCTION = YES;
				GCC_WARN_UNUSED_VARIABLE = YES;
				IPHONEOS_DEPLOYMENT_TARGET = 9.2;
				ONLY_ACTIVE_ARCH = YES;
				SDKROOT = iphoneos;
				SWIFT_VERSION = 3.0;
				TARGETED_DEVICE_FAMILY = "1,2";
				VALIDATE_PRODUCT = YES;
			};
			name = Debug;
		};
		72EC05E717E8DF3D00DCB9A3 /* Release */ = {
			isa = XCBuildConfiguration;
			buildSettings = {
				ALWAYS_SEARCH_USER_PATHS = NO;
				CLANG_CXX_LANGUAGE_STANDARD = "gnu++0x";
				CLANG_CXX_LIBRARY = "libc++";
				CLANG_ENABLE_MODULES = YES;
				CLANG_ENABLE_OBJC_ARC = YES;
				CLANG_WARN_BOOL_CONVERSION = YES;
				CLANG_WARN_CONSTANT_CONVERSION = YES;
				CLANG_WARN_DIRECT_OBJC_ISA_USAGE = YES_ERROR;
				CLANG_WARN_EMPTY_BODY = YES;
				CLANG_WARN_ENUM_CONVERSION = YES;
				CLANG_WARN_INT_CONVERSION = YES;
				CLANG_WARN_OBJC_ROOT_CLASS = YES_ERROR;
				CLANG_WARN__DUPLICATE_METHOD_MATCH = YES;
				CODE_SIGN_IDENTITY = "iPhone Distribution: Robert Simpson (CQK3A35QZM)";
				"CODE_SIGN_IDENTITY[sdk=iphoneos*]" = "iPhone Distribution: Robert Simpson (CQK3A35QZM)";
				COPY_PHASE_STRIP = YES;
				ENABLE_NS_ASSERTIONS = NO;
				ENABLE_ONLY_ACTIVE_RESOURCES = YES;
				GCC_C_LANGUAGE_STANDARD = gnu99;
				GCC_OPTIMIZATION_LEVEL = 0;
				GCC_WARN_64_TO_32_BIT_CONVERSION = YES;
				GCC_WARN_ABOUT_RETURN_TYPE = YES_ERROR;
				GCC_WARN_UNDECLARED_SELECTOR = YES;
				GCC_WARN_UNINITIALIZED_AUTOS = YES;
				GCC_WARN_UNUSED_FUNCTION = YES;
				GCC_WARN_UNUSED_VARIABLE = YES;
				IPHONEOS_DEPLOYMENT_TARGET = 9.2;
				ONLY_ACTIVE_ARCH = YES;
				SDKROOT = iphoneos;
				SWIFT_VERSION = 3.0;
				TARGETED_DEVICE_FAMILY = "1,2";
				VALIDATE_PRODUCT = YES;
			};
			name = Release;
		};
		72EC05E917E8DF3D00DCB9A3 /* Debug */ = {
			isa = XCBuildConfiguration;
			baseConfigurationReference = FCC03083211397D63AB43874 /* Pods-HeatIoTIoS.debug.xcconfig */;
			buildSettings = {
				ASSETCATALOG_COMPILER_APPICON_NAME = AppIcon;
				ASSETCATALOG_COMPILER_LAUNCHIMAGE_NAME = LaunchImage;
				CLANG_ENABLE_MODULES = YES;
				CODE_SIGN_IDENTITY = "iPhone Developer: Robert Simpson (NGYWKSEF76)";
				"CODE_SIGN_IDENTITY[sdk=iphoneos*]" = "iPhone Developer";
				DEVELOPMENT_TEAM = "";
				EMBEDDED_CONTENT_CONTAINS_SWIFT = YES;
				ENABLE_BITCODE = NO;
				FRAMEWORK_SEARCH_PATHS = (
					"$(inherited)",
					"$(PROJECT_DIR)",
				);
				GCC_PRECOMPILE_PREFIX_HEADER = NO;
				GCC_PREFIX_HEADER = "TabBarDemo/HeatIoTIoS-Prefix.pch";
				INFOPLIST_FILE = "TabBarDemo/HeatIoTIoS-Info.plist";
				IPHONEOS_DEPLOYMENT_TARGET = 11.3;
				LD_RUNPATH_SEARCH_PATHS = "$(inherited) @executable_path/Frameworks";
				LIBRARY_SEARCH_PATHS = (
					"$(inherited)",
					"$(PROJECT_DIR)/TabBarDemo",
					"$(PROJECT_DIR)",
				);
				PRODUCT_BUNDLE_IDENTIFIER = com.rsn.HeatIoT;
				PRODUCT_NAME = HeatIoTIoS;
				PROVISIONING_PROFILE = "";
				PROVISIONING_PROFILE_SPECIFIER = "";
				SWIFT_ACTIVE_COMPILATION_CONDITIONS = RSN;
				SWIFT_OBJC_BRIDGING_HEADER = "HeatIoTIoS-Bridging-Header.h";
				SWIFT_OPTIMIZATION_LEVEL = "-Onone";
				SWIFT_VERSION = 3.0;
				TARGETED_DEVICE_FAMILY = 1;
				WRAPPER_EXTENSION = app;
			};
			name = Debug;
		};
		72EC05EA17E8DF3D00DCB9A3 /* Release */ = {
			isa = XCBuildConfiguration;
			baseConfigurationReference = 98080CEF0BA0DDD7E64E8393 /* Pods-HeatIoTIoS.release.xcconfig */;
			buildSettings = {
				ASSETCATALOG_COMPILER_APPICON_NAME = AppIcon;
				ASSETCATALOG_COMPILER_LAUNCHIMAGE_NAME = LaunchImage;
				CLANG_ENABLE_MODULES = YES;
				CODE_SIGN_IDENTITY = "iPhone Distribution: Robert Simpson (CQK3A35QZM)";
				"CODE_SIGN_IDENTITY[sdk=iphoneos*]" = "iPhone Developer";
				DEVELOPMENT_TEAM = "";
				EMBEDDED_CONTENT_CONTAINS_SWIFT = YES;
				ENABLE_BITCODE = NO;
				FRAMEWORK_SEARCH_PATHS = (
					"$(inherited)",
					"$(PROJECT_DIR)",
				);
				GCC_PRECOMPILE_PREFIX_HEADER = NO;
				GCC_PREFIX_HEADER = "TabBarDemo/HeatIoTIoS-Prefix.pch";
				INFOPLIST_FILE = "TabBarDemo/HeatIoTIoS-Info.plist";
				IPHONEOS_DEPLOYMENT_TARGET = 11.3;
				LD_RUNPATH_SEARCH_PATHS = "$(inherited) @executable_path/Frameworks";
				LIBRARY_SEARCH_PATHS = (
					"$(inherited)",
					"$(PROJECT_DIR)/TabBarDemo",
					"$(PROJECT_DIR)",
				);
				PRODUCT_BUNDLE_IDENTIFIER = com.rsn.HeatIoT;
				PRODUCT_NAME = HeatIoTIoS;
				PROVISIONING_PROFILE = "";
				PROVISIONING_PROFILE_SPECIFIER = "";
				SWIFT_ACTIVE_COMPILATION_CONDITIONS = RSN;
				SWIFT_OBJC_BRIDGING_HEADER = "HeatIoTIoS-Bridging-Header.h";
				SWIFT_OPTIMIZATION_LEVEL = "-Onone";
				SWIFT_VERSION = 3.0;
				TARGETED_DEVICE_FAMILY = 1;
				WRAPPER_EXTENSION = app;
			};
			name = Release;
		};
		72EC05EC17E8DF3D00DCB9A3 /* Debug */ = {
			isa = XCBuildConfiguration;
			buildSettings = {
				ALWAYS_EMBED_SWIFT_STANDARD_LIBRARIES = YES;
				BUNDLE_LOADER = "$(BUILT_PRODUCTS_DIR)/TabBarDemo.app/TabBarDemo";
				FRAMEWORK_SEARCH_PATHS = (
					"$(SDKROOT)/Developer/Library/Frameworks",
					"$(inherited)",
					"$(DEVELOPER_FRAMEWORKS_DIR)",
				);
				GCC_PRECOMPILE_PREFIX_HEADER = YES;
				GCC_PREFIX_HEADER = "TabBarDemo/HeatIoT-Prefix.pch";
				GCC_PREPROCESSOR_DEFINITIONS = (
					"DEBUG=1",
					"$(inherited)",
				);
				INFOPLIST_FILE = "TabBarDemoTests/TabBarDemoTests-Info.plist";
				PRODUCT_NAME = HeatIoTIoS;
				TEST_HOST = "$(BUNDLE_LOADER)";
				WRAPPER_EXTENSION = xctest;
			};
			name = Debug;
		};
		72EC05ED17E8DF3D00DCB9A3 /* Release */ = {
			isa = XCBuildConfiguration;
			buildSettings = {
				ALWAYS_EMBED_SWIFT_STANDARD_LIBRARIES = YES;
				BUNDLE_LOADER = "$(BUILT_PRODUCTS_DIR)/TabBarDemo.app/TabBarDemo";
				FRAMEWORK_SEARCH_PATHS = (
					"$(SDKROOT)/Developer/Library/Frameworks",
					"$(inherited)",
					"$(DEVELOPER_FRAMEWORKS_DIR)",
				);
				GCC_PRECOMPILE_PREFIX_HEADER = YES;
				GCC_PREFIX_HEADER = "TabBarDemo/HeatIoT-Prefix.pch";
				INFOPLIST_FILE = "TabBarDemoTests/TabBarDemoTests-Info.plist";
				PRODUCT_NAME = HeatIoTIoS;
				TEST_HOST = "$(BUNDLE_LOADER)";
				WRAPPER_EXTENSION = xctest;
			};
			name = Release;
		};
/* End XCBuildConfiguration section */

/* Begin XCConfigurationList section */
		67D6BD7A1CE237DC00536686 /* Build configuration list for PBXNativeTarget "testWifi" */ = {
			isa = XCConfigurationList;
			buildConfigurations = (
				67D6BD781CE237DC00536686 /* Debug */,
				67D6BD791CE237DC00536686 /* Release */,
			);
			defaultConfigurationIsVisible = 0;
			defaultConfigurationName = Debug;
		};
		72EC05AE17E8DF3D00DCB9A3 /* Build configuration list for PBXProject "HeatIoTIoS" */ = {
			isa = XCConfigurationList;
			buildConfigurations = (
				72EC05E617E8DF3D00DCB9A3 /* Debug */,
				72EC05E717E8DF3D00DCB9A3 /* Release */,
			);
			defaultConfigurationIsVisible = 0;
			defaultConfigurationName = Debug;
		};
		72EC05E817E8DF3D00DCB9A3 /* Build configuration list for PBXNativeTarget "HeatIoTIoS" */ = {
			isa = XCConfigurationList;
			buildConfigurations = (
				72EC05E917E8DF3D00DCB9A3 /* Debug */,
				72EC05EA17E8DF3D00DCB9A3 /* Release */,
			);
			defaultConfigurationIsVisible = 0;
			defaultConfigurationName = Debug;
		};
		72EC05EB17E8DF3D00DCB9A3 /* Build configuration list for PBXNativeTarget "HeatIoTIoSTests" */ = {
			isa = XCConfigurationList;
			buildConfigurations = (
				72EC05EC17E8DF3D00DCB9A3 /* Debug */,
				72EC05ED17E8DF3D00DCB9A3 /* Release */,
			);
			defaultConfigurationIsVisible = 0;
			defaultConfigurationName = Debug;
		};
/* End XCConfigurationList section */

/* Begin XCVersionGroup section */
		67B2E78D1C9C25D3001D0068 /* coredata.xcdatamodeld */ = {
			isa = XCVersionGroup;
			children = (
				67B2E78E1C9C25D3001D0068 /* coredata.xcdatamodel */,
			);
			currentVersion = 67B2E78E1C9C25D3001D0068 /* coredata.xcdatamodel */;
			path = coredata.xcdatamodeld;
			sourceTree = "<group>";
			versionGroupType = wrapper.xcdatamodel;
		};
/* End XCVersionGroup section */
	};
	rootObject = 72EC05AB17E8DF3D00DCB9A3 /* Project object */;
}
